{
  "nodes": {
    "nixpkgs": {
      "locked": {
        "lastModified": 1713771996,
        "narHash": "sha256-WwWrzscGZwE8PBs0MHAhAX4X7dvwVgjU/ZTeNjMJ/kk=",
        "owner": "NixOS",
        "repo": "nixpkgs",
        "rev": "152e23f469cee8360bb22d4818964a0708e38432",
        "type": "github"
      },
      "original": {
        "owner": "NixOS",
        "repo": "nixpkgs",
        "type": "github"
      }
    },
    "root": {
      "inputs": {
        "nixpkgs": "nixpkgs"
      }
    }
  },
  "root": "root",
  "version": 7
}
